
Microsoft Visual Studio Solution File, Format Version 12.00
# Visual Studio 14
VisualStudioVersion = 14.0.23107.0
MinimumVisualStudioVersion = 10.0.40219.1
Project("{8BB2217D-0F2D-49D1-97BC-3654ED321F3B}") = "Sharper.C.Sum", "Sharper.C.Sum\Sharper.C.Sum.xproj", "{70529B21-62B2-4EA9-B75B-E5CF46FD6D10}"
EndProject
Project("{8BB2217D-0F2D-49D1-97BC-3654ED321F3B}") = "Sharper.C.Sum.Tests", "Sharper.C.Sum.Tests\Sharper.C.Sum.Tests.xproj", "{8DBBB134-1DA5-4B23-8AE6-D5F94E1C5BA7}"
EndProject
Project("{8BB2217D-0F2D-49D1-97BC-3654ED321F3B}") = "Sharper.C.Sum.Testing", "Sharper.C.Sum.Testing\Sharper.C.Sum.Testing.xproj", "{766E1D14-FEBD-4194-B6EA-912C2ED74863}"
EndProject
Global
	GlobalSection(SolutionConfigurationPlatforms) = preSolution
		Debug|Any CPU = Debug|Any CPU
		Release|Any CPU = Release|Any CPU
	EndGlobalSection
	GlobalSection(ProjectConfigurationPlatforms) = postSolution
		{70529B21-62B2-4EA9-B75B-E5CF46FD6D10}.Debug|Any CPU.ActiveCfg = Debug|Any CPU
		{70529B21-62B2-4EA9-B75B-E5CF46FD6D10}.Debug|Any CPU.Build.0 = Debug|Any CPU
		{70529B21-62B2-4EA9-B75B-E5CF46FD6D10}.Release|Any CPU.ActiveCfg = Release|Any CPU
		{70529B21-62B2-4EA9-B75B-E5CF46FD6D10}.Release|Any CPU.Build.0 = Release|Any CPU
		{8DBBB134-1DA5-4B23-8AE6-D5F94E1C5BA7}.Debug|Any CPU.ActiveCfg = Debug|Any CPU
		{8DBBB134-1DA5-4B23-8AE6-D5F94E1C5BA7}.Debug|Any CPU.Build.0 = Debug|Any CPU
		{8DBBB134-1DA5-4B23-8AE6-D5F94E1C5BA7}.Release|Any CPU.ActiveCfg = Release|Any CPU
		{8DBBB134-1DA5-4B23-8AE6-D5F94E1C5BA7}.Release|Any CPU.Build.0 = Release|Any CPU
		{766E1D14-FEBD-4194-B6EA-912C2ED74863}.Debug|Any CPU.ActiveCfg = Debug|Any CPU
		{766E1D14-FEBD-4194-B6EA-912C2ED74863}.Debug|Any CPU.Build.0 = Debug|Any CPU
		{766E1D14-FEBD-4194-B6EA-912C2ED74863}.Release|Any CPU.ActiveCfg = Release|Any CPU
		{766E1D14-FEBD-4194-B6EA-912C2ED74863}.Release|Any CPU.Build.0 = Release|Any CPU
	EndGlobalSection
	GlobalSection(SolutionProperties) = preSolution
		HideSolutionNode = FALSE
	EndGlobalSection
EndGlobal
